// !$*UTF8*$!
{
	archiveVersion = 1;
	classes = {
	};
	objectVersion = 46;
	objects = {

/* Begin PBXBuildFile section */
		D602A6AA1E6737D80005EC94 /* AppDelegate.swift in Sources */ = {isa = PBXBuildFile; fileRef = D602A6A91E6737D80005EC94 /* AppDelegate.swift */; };
		D602A6AC1E6737D80005EC94 /* SignInVC.swift in Sources */ = {isa = PBXBuildFile; fileRef = D602A6AB1E6737D80005EC94 /* SignInVC.swift */; };
		D602A6AF1E6737D80005EC94 /* Main.storyboard in Resources */ = {isa = PBXBuildFile; fileRef = D602A6AD1E6737D80005EC94 /* Main.storyboard */; };
		D602A6B21E6737D80005EC94 /* TnightProject.xcdatamodeld in Sources */ = {isa = PBXBuildFile; fileRef = D602A6B01E6737D80005EC94 /* TnightProject.xcdatamodeld */; };
		D602A6B41E6737D80005EC94 /* Assets.xcassets in Resources */ = {isa = PBXBuildFile; fileRef = D602A6B31E6737D80005EC94 /* Assets.xcassets */; };
		D602A6B71E6737D80005EC94 /* LaunchScreen.storyboard in Resources */ = {isa = PBXBuildFile; fileRef = D602A6B51E6737D80005EC94 /* LaunchScreen.storyboard */; };
		D602A6E01E67DD130005EC94 /* MainVC.swift in Sources */ = {isa = PBXBuildFile; fileRef = D602A6DF1E67DD130005EC94 /* MainVC.swift */; };
		D602A6E21E67DD460005EC94 /* SignUpVC.swift in Sources */ = {isa = PBXBuildFile; fileRef = D602A6E11E67DD460005EC94 /* SignUpVC.swift */; };
/* End PBXBuildFile section */

/* Begin PBXFileReference section */
		D602A6A61E6737D80005EC94 /* TnightProject.app */ = {isa = PBXFileReference; explicitFileType = wrapper.application; includeInIndex = 0; path = TnightProject.app; sourceTree = BUILT_PRODUCTS_DIR; };
		D602A6A91E6737D80005EC94 /* AppDelegate.swift */ = {isa = PBXFileReference; lastKnownFileType = sourcecode.swift; path = AppDelegate.swift; sourceTree = "<group>"; };
		D602A6AB1E6737D80005EC94 /* SignInVC.swift */ = {isa = PBXFileReference; lastKnownFileType = sourcecode.swift; path = SignInVC.swift; sourceTree = "<group>"; };
		D602A6AE1E6737D80005EC94 /* Base */ = {isa = PBXFileReference; lastKnownFileType = file.storyboard; name = Base; path = Base.lproj/Main.storyboard; sourceTree = "<group>"; };
		D602A6B11E6737D80005EC94 /* TnightProject.xcdatamodel */ = {isa = PBXFileReference; lastKnownFileType = wrapper.xcdatamodel; path = TnightProject.xcdatamodel; sourceTree = "<group>"; };
		D602A6B31E6737D80005EC94 /* Assets.xcassets */ = {isa = PBXFileReference; lastKnownFileType = folder.assetcatalog; path = Assets.xcassets; sourceTree = "<group>"; };
		D602A6B61E6737D80005EC94 /* Base */ = {isa = PBXFileReference; lastKnownFileType = file.storyboard; name = Base; path = Base.lproj/LaunchScreen.storyboard; sourceTree = "<group>"; };
		D602A6B81E6737D80005EC94 /* Info.plist */ = {isa = PBXFileReference; lastKnownFileType = text.plist.xml; path = Info.plist; sourceTree = "<group>"; };
		D602A6DF1E67DD130005EC94 /* MainVC.swift */ = {isa = PBXFileReference; fileEncoding = 4; lastKnownFileType = sourcecode.swift; path = MainVC.swift; sourceTree = "<group>"; };
		D602A6E11E67DD460005EC94 /* SignUpVC.swift */ = {isa = PBXFileReference; fileEncoding = 4; lastKnownFileType = sourcecode.swift; path = SignUpVC.swift; sourceTree = "<group>"; };
/* End PBXFileReference section */

/* Begin PBXFrameworksBuildPhase section */
		D602A6A31E6737D80005EC94 /* Frameworks */ = {
			isa = PBXFrameworksBuildPhase;
			buildActionMask = 2147483647;
			files = (
			);
			runOnlyForDeploymentPostprocessing = 0;
		};
/* End PBXFrameworksBuildPhase section */

/* Begin PBXGroup section */
		D602A69D1E6737D80005EC94 = {
			isa = PBXGroup;
			children = (
				D602A6A81E6737D80005EC94 /* TnightProject */,
				D602A6A71E6737D80005EC94 /* Products */,
			);
			sourceTree = "<group>";
		};
		D602A6A71E6737D80005EC94 /* Products */ = {
			isa = PBXGroup;
			children = (
				D602A6A61E6737D80005EC94 /* TnightProject.app */,
			);
			name = Products;
			sourceTree = "<group>";
		};
		D602A6A81E6737D80005EC94 /* TnightProject */ = {
			isa = PBXGroup;
			children = (
				D602A6A91E6737D80005EC94 /* AppDelegate.swift */,
				D602A6AB1E6737D80005EC94 /* SignInVC.swift */,
				D602A6AD1E6737D80005EC94 /* Main.storyboard */,
				D602A6B31E6737D80005EC94 /* Assets.xcassets */,
				D602A6B51E6737D80005EC94 /* LaunchScreen.storyboard */,
				D602A6B81E6737D80005EC94 /* Info.plist */,
				D602A6B01E6737D80005EC94 /* TnightProject.xcdatamodeld */,
				D602A6DF1E67DD130005EC94 /* MainVC.swift */,
				D602A6E11E67DD460005EC94 /* SignUpVC.swift */,
			);
			path = TnightProject;
			sourceTree = "<group>";
		};
/* End PBXGroup section */

/* Begin PBXNativeTarget section */
		D602A6A51E6737D80005EC94 /* TnightProject */ = {
			isa = PBXNativeTarget;
			buildConfigurationList = D602A6BB1E6737D80005EC94 /* Build configuration list for PBXNativeTarget "TnightProject" */;
			buildPhases = (
				D602A6A21E6737D80005EC94 /* Sources */,
				D602A6A31E6737D80005EC94 /* Frameworks */,
				D602A6A41E6737D80005EC94 /* Resources */,
			);
			buildRules = (
			);
			dependencies = (
			);
			name = TnightProject;
			productName = TnightProject;
			productReference = D602A6A61E6737D80005EC94 /* TnightProject.app */;
			productType = "com.apple.product-type.application";
		};
/* End PBXNativeTarget section */

/* Begin PBXProject section */
		D602A69E1E6737D80005EC94 /* Project object */ = {
			isa = PBXProject;
			attributes = {
				LastSwiftUpdateCheck = 0820;
				LastUpgradeCheck = 0820;
				ORGANIZATIONNAME = appinventiv;
				TargetAttributes = {
					D602A6A51E6737D80005EC94 = {
						CreatedOnToolsVersion = 8.2.1;
						ProvisioningStyle = Automatic;
					};
				};
			};
			buildConfigurationList = D602A6A11E6737D80005EC94 /* Build configuration list for PBXProject "TnightProject" */;
			compatibilityVersion = "Xcode 3.2";
			developmentRegion = English;
			hasScannedForEncodings = 0;
			knownRegions = (
				en,
				Base,
			);
			mainGroup = D602A69D1E6737D80005EC94;
			productRefGroup = D602A6A71E6737D80005EC94 /* Products */;
			projectDirPath = "";
			projectRoot = "";
			targets = (
				D602A6A51E6737D80005EC94 /* TnightProject */,
			);
		};
/* End PBXProject section */

/* Begin PBXResourcesBuildPhase section */
		D602A6A41E6737D80005EC94 /* Resources */ = {
			isa = PBXResourcesBuildPhase;
			buildActionMask = 2147483647;
			files = (
				D602A6B71E6737D80005EC94 /* LaunchScreen.storyboard in Resources */,
				D602A6B41E6737D80005EC94 /* Assets.xcassets in Resources */,
				D602A6AF1E6737D80005EC94 /* Main.storyboard in Resources */,
			);
			runOnlyForDeploymentPostprocessing = 0;
		};
/* End PBXResourcesBuildPhase section */

/* Begin PBXSourcesBuildPhase section */
		D602A6A21E6737D80005EC94 /* Sources */ = {
			isa = PBXSourcesBuildPhase;
			buildActionMask = 2147483647;
			files = (
				D602A6AC1E6737D80005EC94 /* SignInVC.swift in Sources */,
				D602A6E01E67DD130005EC94 /* MainVC.swift in Sources */,
				D602A6B21E6737D80005EC94 /* TnightProject.xcdatamodeld in Sources */,
				D602A6E21E67DD460005EC94 /* SignUpVC.swift in Sources */,
				D602A6AA1E6737D80005EC94 /* AppDelegate.swift in Sources */,
			);
			runOnlyForDeploymentPostprocessing = 0;
		};
/* End PBXSourcesBuildPhase section */

/* Begin PBXVariantGroup section */
		D602A6AD1E6737D80005EC94 /* Main.storyboard */ = {
			isa = PBXVariantGroup;
			children = (
				D602A6AE1E6737D80005EC94 /* Base */,
			);
			name = Main.storyboard;
			sourceTree = "<group>";
		};
		D602A6B51E6737D80005EC94 /* LaunchScreen.storyboard */ = {
			isa = PBXVariantGroup;
			children = (
				D602A6B61E6737D80005EC94 /* Base */,
			);
			name = LaunchScreen.storyboard;
			sourceTree = "<group>";
		};
/* End PBXVariantGroup section */

/* Begin XCBuildConfiguration section */
		D602A6B91E6737D80005EC94 /* Debug */ = {
			isa = XCBuildConfiguration;
			buildSettings = {
				ALWAYS_SEARCH_USER_PATHS = NO;
				CLANG_ANALYZER_NONNULL = YES;
				CLANG_CXX_LANGUAGE_STANDARD = "gnu++0x";
				CLANG_CXX_LIBRARY = "libc++";
				CLANG_ENABLE_MODULES = YES;
				CLANG_ENABLE_OBJC_ARC = YES;
				CLANG_WARN_BOOL_CONVERSION = YES;
				CLANG_WARN_CONSTANT_CONVERSION = YES;
				CLANG_WARN_DIRECT_OBJC_ISA_USAGE = YES_ERROR;
				CLANG_WARN_DOCUMENTATION_COMMENTS = YES;
				CLANG_WARN_EMPTY_BODY = YES;
				CLANG_WARN_ENUM_CONVERSION = YES;
				CLANG_WARN_INFINITE_RECURSION = YES;
				CLANG_WARN_INT_CONVERSION = YES;
				CLANG_WARN_OBJC_ROOT_CLASS = YES_ERROR;
				CLANG_WARN_SUSPICIOUS_MOVE = YES;
				CLANG_WARN_UNREACHABLE_CODE = YES;
				CLANG_WARN__DUPLICATE_METHOD_MATCH = YES;
				"CODE_SIGN_IDENTITY[sdk=iphoneos*]" = "iPhone Developer";
				COPY_PHASE_STRIP = NO;
				DEBUG_INFORMATION_FORMAT = dwarf;
				ENABLE_STRICT_OBJC_MSGSEND = YES;
				ENABLE_TESTABILITY = YES;
				GCC_C_LANGUAGE_STANDARD = gnu99;
				GCC_DYNAMIC_NO_PIC = NO;
				GCC_NO_COMMON_BLOCKS = YES;
				GCC_OPTIMIZATION_LEVEL = 0;
				GCC_PREPROCESSOR_DEFINITIONS = (
					"DEBUG=1",
					"$(inherited)",
				);
				GCC_WARN_64_TO_32_BIT_CONVERSION = YES;
				GCC_WARN_ABOUT_RETURN_TYPE = YES_ERROR;
				GCC_WARN_UNDECLARED_SELECTOR = YES;
				GCC_WARN_UNINITIALIZED_AUTOS = YES_AGGRESSIVE;
				GCC_WARN_UNUSED_FUNCTION = YES;
				GCC_WARN_UNUSED_VARIABLE = YES;
				IPHONEOS_DEPLOYMENT_TARGET = 10.2;
				MTL_ENABLE_DEBUG_INFO = YES;
				ONLY_ACTIVE_ARCH = YES;
				SDKROOT = iphoneos;
				SWIFT_ACTIVE_COMPILATION_CONDITIONS = DEBUG;
				SWIFT_OPTIMIZATION_LEVEL = "-Onone";
				TARGETED_DEVICE_FAMILY = "1,2";
			};
			name = Debug;
		};
		D602A6BA1E6737D80005EC94 /* Release */ = {
			isa = XCBuildConfiguration;
			buildSettings = {
				ALWAYS_SEARCH_USER_PATHS = NO;
				CLANG_ANALYZER_NONNULL = YES;
				CLANG_CXX_LANGUAGE_STANDARD = "gnu++0x";
				CLANG_CXX_LIBRARY = "libc++";
				CLANG_ENABLE_MODULES = YES;
				CLANG_ENABLE_OBJC_ARC = YES;
				CLANG_WARN_BOOL_CONVERSION = YES;
				CLANG_WARN_CONSTANT_CONVERSION = YES;
				CLANG_WARN_DIRECT_OBJC_ISA_USAGE = YES_ERROR;
				CLANG_WARN_DOCUMENTATION_COMMENTS = YES;
				CLANG_WARN_EMPTY_BODY = YES;
				CLANG_WARN_ENUM_CONVERSION = YES;
				CLANG_WARN_INFINITE_RECURSION = YES;
				CLANG_WARN_INT_CONVERSION = YES;
				CLANG_WARN_OBJC_ROOT_CLASS = YES_ERROR;
				CLANG_WARN_SUSPICIOUS_MOVE = YES;
				CLANG_WARN_UNREACHABLE_CODE = YES;
				CLANG_WARN__DUPLICATE_METHOD_MATCH = YES;
				"CODE_SIGN_IDENTITY[sdk=iphoneos*]" = "iPhone Developer";
				COPY_PHASE_STRIP = NO;
				DEBUG_INFORMATION_FORMAT = "dwarf-with-dsym";
				ENABLE_NS_ASSERTIONS = NO;
				ENABLE_STRICT_OBJC_MSGSEND = YES;
				GCC_C_LANGUAGE_STANDARD = gnu99;
				GCC_NO_COMMON_BLOCKS = YES;
				GCC_WARN_64_TO_32_BIT_CONVERSION = YES;
				GCC_WARN_ABOUT_RETURN_TYPE = YES_ERROR;
				GCC_WARN_UNDECLARED_SELECTOR = YES;
				GCC_WARN_UNINITIALIZED_AUTOS = YES_AGGRESSIVE;
				GCC_WARN_UNUSED_FUNCTION = YES;
				GCC_WARN_UNUSED_VARIABLE = YES;
				IPHONEOS_DEPLOYMENT_TARGET = 10.2;
				MTL_ENABLE_DEBUG_INFO = NO;
				SDKROOT = iphoneos;
				SWIFT_OPTIMIZATION_LEVEL = "-Owholemodule";
				TARGETED_DEVICE_FAMILY = "1,2";
				VALIDATE_PRODUCT = YES;
			};
			name = Release;
		};
		D602A6BC1E6737D80005EC94 /* Debug */ = {
			isa = XCBuildConfiguration;
			buildSettings = {
				ASSETCATALOG_COMPILER_APPICON_NAME = AppIcon;
				INFOPLIST_FILE = TnightProject/Info.plist;
				LD_RUNPATH_SEARCH_PATHS = "$(inherited) @executable_path/Frameworks";
				PRODUCT_BUNDLE_IDENTIFIER = appinventiv.com.TnightProject;
				PRODUCT_NAME = "$(TARGET_NAME)";
				SWIFT_VERSION = 3.0;
			};
			name = Debug;
		};
		D602A6BD1E6737D80005EC94 /* Release */ = {
			isa = XCBuildConfiguration;
			buildSettings = {
				ASSETCATALOG_COMPILER_APPICON_NAME = AppIcon;
				INFOPLIST_FILE = TnightProject/Info.plist;
				LD_RUNPATH_SEARCH_PATHS = "$(inherited) @executable_path/Frameworks";
				PRODUCT_BUNDLE_IDENTIFIER = appinventiv.com.TnightProject;
				PRODUCT_NAME = "$(TARGET_NAME)";
				SWIFT_VERSION = 3.0;
			};
			name = Release;
		};
/* End XCBuildConfiguration section */

/* Begin XCConfigurationList section */
		D602A6A11E6737D80005EC94 /* Build configuration list for PBXProject "TnightProject" */ = {
			isa = XCConfigurationList;
			buildConfigurations = (
				D602A6B91E6737D80005EC94 /* Debug */,
				D602A6BA1E6737D80005EC94 /* Release */,
			);
			defaultConfigurationIsVisible = 0;
			defaultConfigurationName = Release;
		};
		D602A6BB1E6737D80005EC94 /* Build configuration list for PBXNativeTarget "TnightProject" */ = {
			isa = XCConfigurationList;
			buildConfigurations = (
				D602A6BC1E6737D80005EC94 /* Debug */,
				D602A6BD1E6737D80005EC94 /* Release */,
			);
			defaultConfigurationIsVisible = 0;
		};
/* End XCConfigurationList section */

/* Begin XCVersionGroup section */
		D602A6B01E6737D80005EC94 /* TnightProject.xcdatamodeld */ = {
			isa = XCVersionGroup;
			children = (
				D602A6B11E6737D80005EC94 /* TnightProject.xcdatamodel */,
			);
			currentVersion = D602A6B11E6737D80005EC94 /* TnightProject.xcdatamodel */;
			path = TnightProject.xcdatamodeld;
			sourceTree = "<group>";
			versionGroupType = wrapper.xcdatamodel;
		};
/* End XCVersionGroup section */
	};
	rootObject = D602A69E1E6737D80005EC94 /* Project object */;
}
